
Microsoft Visual Studio Solution File, Format Version 12.00
# Visual Studio Version 17
VisualStudioVersion = 17.0.31903.59
MinimumVisualStudioVersion = 10.0.40219.1
Project("{FAE04EC0-301F-11D3-BF4B-00C04F79EFBC}") = "DayOne_AttemptTwo", "DayOne_AttemptTwo\DayOne_AttemptTwo.csproj", "{0A2976C1-DE14-4F1F-B123-9F9C521A1D4D}"
EndProject
Project("{FAE04EC0-301F-11D3-BF4B-00C04F79EFBC}") = "DayOne_AttemptTwo.Tests", "DayOne_AttemptTwo.Tests\DayOne_AttemptTwo.Tests.csproj", "{E7002D8A-3479-4C44-900C-95F2BA8172EA}"
EndProject
Project("{FAE04EC0-301F-11D3-BF4B-00C04F79EFBC}") = "DayFour", "DayFour\DayFour.csproj", "{187E89FB-D5FD-482F-9A91-FCCEC8103043}"
EndProject
Project("{FAE04EC0-301F-11D3-BF4B-00C04F79EFBC}") = "DayFour.Tests", "DayFour.Tests\DayFour.Tests.csproj", "{E938D859-8345-4356-B609-53BF340607DD}"
EndProject
Project("{FAE04EC0-301F-11D3-BF4B-00C04F79EFBC}") = "DayTwo", "DayTwo\DayTwo.csproj", "{E242DAFA-99F4-416E-82EB-F5DE07B90735}"
EndProject
Project("{FAE04EC0-301F-11D3-BF4B-00C04F79EFBC}") = "DayTwo.Tests", "DayTwo.Tests\DayTwo.Tests.csproj", "{E475688E-C89E-4155-89DC-F96DD61CC586}"
EndProject
Project("{FAE04EC0-301F-11D3-BF4B-00C04F79EFBC}") = "DayFifteen", "DayFifteen\DayFifteen.csproj", "{45AB640C-ECF0-4826-8403-8EF24ABBE5B6}"
EndProject
Project("{FAE04EC0-301F-11D3-BF4B-00C04F79EFBC}") = "DayFifteen.Tests", "DayFifteen.Tests\DayFifteen.Tests.csproj", "{613C36E4-940E-40B2-9523-92ED785E68D1}"
EndProject
Global
	GlobalSection(SolutionConfigurationPlatforms) = preSolution
		Debug|Any CPU = Debug|Any CPU
		Release|Any CPU = Release|Any CPU
	EndGlobalSection
	GlobalSection(SolutionProperties) = preSolution
		HideSolutionNode = FALSE
	EndGlobalSection
	GlobalSection(ProjectConfigurationPlatforms) = postSolution
		{92D66A8B-6898-48C5-9FB0-7E0E622572C8}.Debug|Any CPU.ActiveCfg = Debug|Any CPU
		{92D66A8B-6898-48C5-9FB0-7E0E622572C8}.Debug|Any CPU.Build.0 = Debug|Any CPU
		{92D66A8B-6898-48C5-9FB0-7E0E622572C8}.Release|Any CPU.ActiveCfg = Release|Any CPU
		{92D66A8B-6898-48C5-9FB0-7E0E622572C8}.Release|Any CPU.Build.0 = Release|Any CPU
		{5205C15D-C8EE-4781-9040-774F506EA7A5}.Debug|Any CPU.ActiveCfg = Debug|Any CPU
		{5205C15D-C8EE-4781-9040-774F506EA7A5}.Debug|Any CPU.Build.0 = Debug|Any CPU
		{5205C15D-C8EE-4781-9040-774F506EA7A5}.Release|Any CPU.ActiveCfg = Release|Any CPU
		{5205C15D-C8EE-4781-9040-774F506EA7A5}.Release|Any CPU.Build.0 = Release|Any CPU
		{0A2976C1-DE14-4F1F-B123-9F9C521A1D4D}.Debug|Any CPU.ActiveCfg = Debug|Any CPU
		{0A2976C1-DE14-4F1F-B123-9F9C521A1D4D}.Debug|Any CPU.Build.0 = Debug|Any CPU
		{0A2976C1-DE14-4F1F-B123-9F9C521A1D4D}.Release|Any CPU.ActiveCfg = Release|Any CPU
		{0A2976C1-DE14-4F1F-B123-9F9C521A1D4D}.Release|Any CPU.Build.0 = Release|Any CPU
		{E7002D8A-3479-4C44-900C-95F2BA8172EA}.Debug|Any CPU.ActiveCfg = Debug|Any CPU
		{E7002D8A-3479-4C44-900C-95F2BA8172EA}.Debug|Any CPU.Build.0 = Debug|Any CPU
		{E7002D8A-3479-4C44-900C-95F2BA8172EA}.Release|Any CPU.ActiveCfg = Release|Any CPU
		{E7002D8A-3479-4C44-900C-95F2BA8172EA}.Release|Any CPU.Build.0 = Release|Any CPU
		{187E89FB-D5FD-482F-9A91-FCCEC8103043}.Debug|Any CPU.ActiveCfg = Debug|Any CPU
		{187E89FB-D5FD-482F-9A91-FCCEC8103043}.Debug|Any CPU.Build.0 = Debug|Any CPU
		{187E89FB-D5FD-482F-9A91-FCCEC8103043}.Release|Any CPU.ActiveCfg = Release|Any CPU
		{187E89FB-D5FD-482F-9A91-FCCEC8103043}.Release|Any CPU.Build.0 = Release|Any CPU
		{E938D859-8345-4356-B609-53BF340607DD}.Debug|Any CPU.ActiveCfg = Debug|Any CPU
		{E938D859-8345-4356-B609-53BF340607DD}.Debug|Any CPU.Build.0 = Debug|Any CPU
		{E938D859-8345-4356-B609-53BF340607DD}.Release|Any CPU.ActiveCfg = Release|Any CPU
		{E938D859-8345-4356-B609-53BF340607DD}.Release|Any CPU.Build.0 = Release|Any CPU
		{E242DAFA-99F4-416E-82EB-F5DE07B90735}.Debug|Any CPU.ActiveCfg = Debug|Any CPU
		{E242DAFA-99F4-416E-82EB-F5DE07B90735}.Debug|Any CPU.Build.0 = Debug|Any CPU
		{E242DAFA-99F4-416E-82EB-F5DE07B90735}.Release|Any CPU.ActiveCfg = Release|Any CPU
		{E242DAFA-99F4-416E-82EB-F5DE07B90735}.Release|Any CPU.Build.0 = Release|Any CPU
		{E475688E-C89E-4155-89DC-F96DD61CC586}.Debug|Any CPU.ActiveCfg = Debug|Any CPU
		{E475688E-C89E-4155-89DC-F96DD61CC586}.Debug|Any CPU.Build.0 = Debug|Any CPU
		{E475688E-C89E-4155-89DC-F96DD61CC586}.Release|Any CPU.ActiveCfg = Release|Any CPU
		{E475688E-C89E-4155-89DC-F96DD61CC586}.Release|Any CPU.Build.0 = Release|Any CPU
		{45AB640C-ECF0-4826-8403-8EF24ABBE5B6}.Debug|Any CPU.ActiveCfg = Debug|Any CPU
		{45AB640C-ECF0-4826-8403-8EF24ABBE5B6}.Debug|Any CPU.Build.0 = Debug|Any CPU
		{45AB640C-ECF0-4826-8403-8EF24ABBE5B6}.Release|Any CPU.ActiveCfg = Release|Any CPU
		{45AB640C-ECF0-4826-8403-8EF24ABBE5B6}.Release|Any CPU.Build.0 = Release|Any CPU
		{613C36E4-940E-40B2-9523-92ED785E68D1}.Debug|Any CPU.ActiveCfg = Debug|Any CPU
		{613C36E4-940E-40B2-9523-92ED785E68D1}.Debug|Any CPU.Build.0 = Debug|Any CPU
		{613C36E4-940E-40B2-9523-92ED785E68D1}.Release|Any CPU.ActiveCfg = Release|Any CPU
		{613C36E4-940E-40B2-9523-92ED785E68D1}.Release|Any CPU.Build.0 = Release|Any CPU
	EndGlobalSection
EndGlobal
