
Microsoft Visual Studio Solution File, Format Version 12.00
Project("{FAE04EC0-301F-11D3-BF4B-00C04F79EFBC}") = "aoc_2022", "aoc_2022\aoc_2022.csproj", "{ADB8EC0B-F87A-44AD-9668-B56799A99AAB}"
EndProject
Global
	GlobalSection(SolutionConfigurationPlatforms) = preSolution
		Debug|Any CPU = Debug|Any CPU
		Release|Any CPU = Release|Any CPU
	EndGlobalSection
	GlobalSection(ProjectConfigurationPlatforms) = postSolution
		{ADB8EC0B-F87A-44AD-9668-B56799A99AAB}.Debug|Any CPU.ActiveCfg = Debug|Any CPU
		{ADB8EC0B-F87A-44AD-9668-B56799A99AAB}.Debug|Any CPU.Build.0 = Debug|Any CPU
		{ADB8EC0B-F87A-44AD-9668-B56799A99AAB}.Release|Any CPU.ActiveCfg = Release|Any CPU
		{ADB8EC0B-F87A-44AD-9668-B56799A99AAB}.Release|Any CPU.Build.0 = Release|Any CPU
	EndGlobalSection
EndGlobal
