
Microsoft Visual Studio Solution File, Format Version 12.00
# Visual Studio Version 16
VisualStudioVersion = 16.0.29411.108
MinimumVisualStudioVersion = 10.0.40219.1
Project("{8BC9CEB8-8B4A-11D0-8D11-00A0C91BC942}") = "day_one", "day_one\day_one.vcxproj", "{2DF62DDC-B8AA-4D3E-9BE0-08C62F837E02}"
EndProject
Project("{8BC9CEB8-8B4A-11D0-8D11-00A0C91BC942}") = "day_one_implementation", "day_one_implementation\day_one_implementation.vcxproj", "{C2DCD5AF-AC07-44B1-ACDF-DDDE7646291E}"
EndProject
Global
	GlobalSection(SolutionConfigurationPlatforms) = preSolution
		Debug|x64 = Debug|x64
		Debug|x86 = Debug|x86
		Release|x64 = Release|x64
		Release|x86 = Release|x86
	EndGlobalSection
	GlobalSection(ProjectConfigurationPlatforms) = postSolution
		{2DF62DDC-B8AA-4D3E-9BE0-08C62F837E02}.Debug|x64.ActiveCfg = Debug|x64
		{2DF62DDC-B8AA-4D3E-9BE0-08C62F837E02}.Debug|x64.Build.0 = Debug|x64
		{2DF62DDC-B8AA-4D3E-9BE0-08C62F837E02}.Debug|x86.ActiveCfg = Debug|Win32
		{2DF62DDC-B8AA-4D3E-9BE0-08C62F837E02}.Debug|x86.Build.0 = Debug|Win32
		{2DF62DDC-B8AA-4D3E-9BE0-08C62F837E02}.Release|x64.ActiveCfg = Release|x64
		{2DF62DDC-B8AA-4D3E-9BE0-08C62F837E02}.Release|x64.Build.0 = Release|x64
		{2DF62DDC-B8AA-4D3E-9BE0-08C62F837E02}.Release|x86.ActiveCfg = Release|Win32
		{2DF62DDC-B8AA-4D3E-9BE0-08C62F837E02}.Release|x86.Build.0 = Release|Win32
		{C2DCD5AF-AC07-44B1-ACDF-DDDE7646291E}.Debug|x64.ActiveCfg = Debug|x64
		{C2DCD5AF-AC07-44B1-ACDF-DDDE7646291E}.Debug|x64.Build.0 = Debug|x64
		{C2DCD5AF-AC07-44B1-ACDF-DDDE7646291E}.Debug|x86.ActiveCfg = Debug|Win32
		{C2DCD5AF-AC07-44B1-ACDF-DDDE7646291E}.Debug|x86.Build.0 = Debug|Win32
		{C2DCD5AF-AC07-44B1-ACDF-DDDE7646291E}.Release|x64.ActiveCfg = Release|x64
		{C2DCD5AF-AC07-44B1-ACDF-DDDE7646291E}.Release|x64.Build.0 = Release|x64
		{C2DCD5AF-AC07-44B1-ACDF-DDDE7646291E}.Release|x86.ActiveCfg = Release|Win32
		{C2DCD5AF-AC07-44B1-ACDF-DDDE7646291E}.Release|x86.Build.0 = Release|Win32
	EndGlobalSection
	GlobalSection(SolutionProperties) = preSolution
		HideSolutionNode = FALSE
	EndGlobalSection
	GlobalSection(ExtensibilityGlobals) = postSolution
		SolutionGuid = {5BE62C76-A9E3-4E8A-9B35-2D3AC28ABD91}
	EndGlobalSection
EndGlobal
